
Microsoft Visual Studio Solution File, Format Version 12.00
# Visual Studio Version 16
VisualStudioVersion = 16.0.31410.357
MinimumVisualStudioVersion = 10.0.40219.1
Project("{FAE04EC0-301F-11D3-BF4B-00C04F79EFBC}") = "EmployeeManagement", "EmployeeManagement\EmployeeManagement.csproj", "{7F4AD38A-FD01-4300-912B-C1310D325AC4}"
EndProject
Project("{FAE04EC0-301F-11D3-BF4B-00C04F79EFBC}") = "DataBase", "DataBase\DataBase.csproj", "{509FD0B3-12F0-4512-A543-EBECBE2189E5}"
EndProject
Global
	GlobalSection(SolutionConfigurationPlatforms) = preSolution
		Debug|Any CPU = Debug|Any CPU
		Release|Any CPU = Release|Any CPU
	EndGlobalSection
	GlobalSection(ProjectConfigurationPlatforms) = postSolution
		{7F4AD38A-FD01-4300-912B-C1310D325AC4}.Debug|Any CPU.ActiveCfg = Debug|Any CPU
		{7F4AD38A-FD01-4300-912B-C1310D325AC4}.Debug|Any CPU.Build.0 = Debug|Any CPU
		{7F4AD38A-FD01-4300-912B-C1310D325AC4}.Release|Any CPU.ActiveCfg = Release|Any CPU
		{7F4AD38A-FD01-4300-912B-C1310D325AC4}.Release|Any CPU.Build.0 = Release|Any CPU
		{509FD0B3-12F0-4512-A543-EBECBE2189E5}.Debug|Any CPU.ActiveCfg = Debug|Any CPU
		{509FD0B3-12F0-4512-A543-EBECBE2189E5}.Debug|Any CPU.Build.0 = Debug|Any CPU
		{509FD0B3-12F0-4512-A543-EBECBE2189E5}.Release|Any CPU.ActiveCfg = Release|Any CPU
		{509FD0B3-12F0-4512-A543-EBECBE2189E5}.Release|Any CPU.Build.0 = Release|Any CPU
	EndGlobalSection
	GlobalSection(SolutionProperties) = preSolution
		HideSolutionNode = FALSE
	EndGlobalSection
	GlobalSection(ExtensibilityGlobals) = postSolution
		SolutionGuid = {2DE692C6-DF0D-4E16-B7D5-D8EFEB570ADA}
	EndGlobalSection
EndGlobal
